
Microsoft Visual Studio Solution File, Format Version 9.00
# Visual Studio 2005
Project("{FAE04EC0-301F-11D3-BF4B-00C04F79EFBC}") = "QClient", "QClient.csproj", "{C757D613-B0C5-4412-8D61-33B5A244D3F6}"
EndProject
Global
	GlobalSection(SolutionConfigurationPlatforms) = preSolution
		Debug|Any CPU = Debug|Any CPU
		Release|Any CPU = Release|Any CPU
	EndGlobalSection
	GlobalSection(ProjectConfigurationPlatforms) = postSolution
		{C757D613-B0C5-4412-8D61-33B5A244D3F6}.Debug|Any CPU.ActiveCfg = Debug|Any CPU
		{C757D613-B0C5-4412-8D61-33B5A244D3F6}.Debug|Any CPU.Build.0 = Debug|Any CPU
		{C757D613-B0C5-4412-8D61-33B5A244D3F6}.Release|Any CPU.ActiveCfg = Release|Any CPU
		{C757D613-B0C5-4412-8D61-33B5A244D3F6}.Release|Any CPU.Build.0 = Release|Any CPU
	EndGlobalSection
	GlobalSection(SolutionProperties) = preSolution
		HideSolutionNode = FALSE
	EndGlobalSection
EndGlobal
