
Microsoft Visual Studio Solution File, Format Version 9.00
# Visual Studio 2005
Project("{FAE04EC0-301F-11D3-BF4B-00C04F79EFBC}") = "QLibrary", "QLibrary\QLibrary.csproj", "{9DD6CE58-16AD-4616-A49C-37B187B43C4B}"
EndProject
Global
	GlobalSection(SolutionConfigurationPlatforms) = preSolution
		Debug|Any CPU = Debug|Any CPU
		Release|Any CPU = Release|Any CPU
	EndGlobalSection
	GlobalSection(ProjectConfigurationPlatforms) = postSolution
		{9DD6CE58-16AD-4616-A49C-37B187B43C4B}.Debug|Any CPU.ActiveCfg = Debug|Any CPU
		{9DD6CE58-16AD-4616-A49C-37B187B43C4B}.Debug|Any CPU.Build.0 = Debug|Any CPU
		{9DD6CE58-16AD-4616-A49C-37B187B43C4B}.Release|Any CPU.ActiveCfg = Release|Any CPU
		{9DD6CE58-16AD-4616-A49C-37B187B43C4B}.Release|Any CPU.Build.0 = Release|Any CPU
	EndGlobalSection
	GlobalSection(SolutionProperties) = preSolution
		HideSolutionNode = FALSE
	EndGlobalSection
EndGlobal
